
Microsoft Visual Studio Solution File, Format Version 12.00
# Visual Studio 14
VisualStudioVersion = 14.0.25420.1
MinimumVisualStudioVersion = 10.0.40219.1
Project("{FAE04EC0-301F-11D3-BF4B-00C04F79EFBC}") = "PracenjeTijekaProjekta", "PracenjeTijekaProjekta\PracenjeTijekaProjekta.csproj", "{A828E558-C72F-4D56-B426-5D6270A56155}"
EndProject
Global
	GlobalSection(SolutionConfigurationPlatforms) = preSolution
		Debug|Any CPU = Debug|Any CPU
		Release|Any CPU = Release|Any CPU
	EndGlobalSection
	GlobalSection(ProjectConfigurationPlatforms) = postSolution
		{A828E558-C72F-4D56-B426-5D6270A56155}.Debug|Any CPU.ActiveCfg = Debug|Any CPU
		{A828E558-C72F-4D56-B426-5D6270A56155}.Debug|Any CPU.Build.0 = Debug|Any CPU
		{A828E558-C72F-4D56-B426-5D6270A56155}.Release|Any CPU.ActiveCfg = Release|Any CPU
		{A828E558-C72F-4D56-B426-5D6270A56155}.Release|Any CPU.Build.0 = Release|Any CPU
	EndGlobalSection
	GlobalSection(SolutionProperties) = preSolution
		HideSolutionNode = FALSE
	EndGlobalSection
EndGlobal
